
Microsoft Visual Studio Solution File, Format Version 12.00
# Visual Studio 2013
VisualStudioVersion = 12.0.31101.0
MinimumVisualStudioVersion = 10.0.40219.1
Project("{8BC9CEB8-8B4A-11D0-8D11-00A0C91BC942}") = "utility", "utility\utility.vcxproj", "{06170E48-B096-488C-8516-3B70F24FD6A6}"
EndProject
Project("{8BC9CEB8-8B4A-11D0-8D11-00A0C91BC942}") = "app", "app\app.vcxproj", "{1D3708B1-74A1-4D15-B6FC-2B11C7B157BD}"
	ProjectSection(ProjectDependencies) = postProject
		{F664200C-B715-4896-87D1-564ADDD14758} = {F664200C-B715-4896-87D1-564ADDD14758}
		{06170E48-B096-488C-8516-3B70F24FD6A6} = {06170E48-B096-488C-8516-3B70F24FD6A6}
	EndProjectSection
EndProject
Project("{8BC9CEB8-8B4A-11D0-8D11-00A0C91BC942}") = "engine", "engine\engine.vcxproj", "{F664200C-B715-4896-87D1-564ADDD14758}"
	ProjectSection(ProjectDependencies) = postProject
		{06170E48-B096-488C-8516-3B70F24FD6A6} = {06170E48-B096-488C-8516-3B70F24FD6A6}
	EndProjectSection
EndProject
Global
	GlobalSection(SolutionConfigurationPlatforms) = preSolution
		Debug|x32 = Debug|x32
		Debug|x64 = Debug|x64
		Release|x32 = Release|x32
		Release|x64 = Release|x64
	EndGlobalSection
	GlobalSection(ProjectConfigurationPlatforms) = postSolution
		{06170E48-B096-488C-8516-3B70F24FD6A6}.Debug|x32.ActiveCfg = Debug|Win32
		{06170E48-B096-488C-8516-3B70F24FD6A6}.Debug|x32.Build.0 = Debug|Win32
		{06170E48-B096-488C-8516-3B70F24FD6A6}.Debug|x64.ActiveCfg = Debug|x64
		{06170E48-B096-488C-8516-3B70F24FD6A6}.Debug|x64.Build.0 = Debug|x64
		{06170E48-B096-488C-8516-3B70F24FD6A6}.Release|x32.ActiveCfg = Release|Win32
		{06170E48-B096-488C-8516-3B70F24FD6A6}.Release|x32.Build.0 = Release|Win32
		{06170E48-B096-488C-8516-3B70F24FD6A6}.Release|x64.ActiveCfg = Release|x64
		{06170E48-B096-488C-8516-3B70F24FD6A6}.Release|x64.Build.0 = Release|x64
		{1D3708B1-74A1-4D15-B6FC-2B11C7B157BD}.Debug|x32.ActiveCfg = Debug|Win32
		{1D3708B1-74A1-4D15-B6FC-2B11C7B157BD}.Debug|x32.Build.0 = Debug|Win32
		{1D3708B1-74A1-4D15-B6FC-2B11C7B157BD}.Debug|x64.ActiveCfg = Debug|x64
		{1D3708B1-74A1-4D15-B6FC-2B11C7B157BD}.Debug|x64.Build.0 = Debug|x64
		{1D3708B1-74A1-4D15-B6FC-2B11C7B157BD}.Release|x32.ActiveCfg = Release|Win32
		{1D3708B1-74A1-4D15-B6FC-2B11C7B157BD}.Release|x32.Build.0 = Release|Win32
		{1D3708B1-74A1-4D15-B6FC-2B11C7B157BD}.Release|x64.ActiveCfg = Release|x64
		{1D3708B1-74A1-4D15-B6FC-2B11C7B157BD}.Release|x64.Build.0 = Release|x64
		{F664200C-B715-4896-87D1-564ADDD14758}.Debug|x32.ActiveCfg = Debug|Win32
		{F664200C-B715-4896-87D1-564ADDD14758}.Debug|x32.Build.0 = Debug|Win32
		{F664200C-B715-4896-87D1-564ADDD14758}.Debug|x64.ActiveCfg = Debug|x64
		{F664200C-B715-4896-87D1-564ADDD14758}.Debug|x64.Build.0 = Debug|x64
		{F664200C-B715-4896-87D1-564ADDD14758}.Release|x32.ActiveCfg = Release|Win32
		{F664200C-B715-4896-87D1-564ADDD14758}.Release|x32.Build.0 = Release|Win32
		{F664200C-B715-4896-87D1-564ADDD14758}.Release|x64.ActiveCfg = Release|x64
		{F664200C-B715-4896-87D1-564ADDD14758}.Release|x64.Build.0 = Release|x64
	EndGlobalSection
	GlobalSection(SolutionProperties) = preSolution
		HideSolutionNode = FALSE
	EndGlobalSection
EndGlobal
