// !$*UTF8*$!
{
	archiveVersion = 1;
	classes = {
	};
	objectVersion = 46;
	objects = {

/* Begin PBXBuildFile section */
		BC075A671BEE578300AA8C9A /* color.cpp in Sources */ = {isa = PBXBuildFile; fileRef = BC075A351BEE578300AA8C9A /* color.cpp */; };
		BC075A681BEE578300AA8C9A /* publisher.cpp in Sources */ = {isa = PBXBuildFile; fileRef = BC075A391BEE578300AA8C9A /* publisher.cpp */; };
		BC075A691BEE578300AA8C9A /* subscriber.cpp in Sources */ = {isa = PBXBuildFile; fileRef = BC075A3B1BEE578300AA8C9A /* subscriber.cpp */; };
		BC075A6A1BEE578300AA8C9A /* func.cpp in Sources */ = {isa = PBXBuildFile; fileRef = BC075A3D1BEE578300AA8C9A /* func.cpp */; };
		BC075A6B1BEE578300AA8C9A /* json.cpp in Sources */ = {isa = PBXBuildFile; fileRef = BC075A3F1BEE578300AA8C9A /* json.cpp */; };
		BC075A6C1BEE578300AA8C9A /* interp.cpp in Sources */ = {isa = PBXBuildFile; fileRef = BC075A441BEE578300AA8C9A /* interp.cpp */; };
		BC075A6D1BEE578300AA8C9A /* matrix_2d.cpp in Sources */ = {isa = PBXBuildFile; fileRef = BC075A461BEE578300AA8C9A /* matrix_2d.cpp */; };
		BC075A6E1BEE578300AA8C9A /* matrix_stack.cpp in Sources */ = {isa = PBXBuildFile; fileRef = BC075A481BEE578300AA8C9A /* matrix_stack.cpp */; };
		BC075A6F1BEE578300AA8C9A /* aabb.cpp in Sources */ = {isa = PBXBuildFile; fileRef = BC075A541BEE578300AA8C9A /* aabb.cpp */; };
		BC075A701BEE578300AA8C9A /* circle.cpp in Sources */ = {isa = PBXBuildFile; fileRef = BC075A561BEE578300AA8C9A /* circle.cpp */; };
		BC075A711BEE578300AA8C9A /* line.cpp in Sources */ = {isa = PBXBuildFile; fileRef = BC075A581BEE578300AA8C9A /* line.cpp */; };
		BC075A721BEE578300AA8C9A /* ray.cpp in Sources */ = {isa = PBXBuildFile; fileRef = BC075A5A1BEE578300AA8C9A /* ray.cpp */; };
		BC075A731BEE578300AA8C9A /* rect.cpp in Sources */ = {isa = PBXBuildFile; fileRef = BC075A5C1BEE578300AA8C9A /* rect.cpp */; };
		BC075A741BEE578300AA8C9A /* segment.cpp in Sources */ = {isa = PBXBuildFile; fileRef = BC075A5E1BEE578300AA8C9A /* segment.cpp */; };
		BC075A751BEE578300AA8C9A /* shape.cpp in Sources */ = {isa = PBXBuildFile; fileRef = BC075A601BEE578300AA8C9A /* shape.cpp */; };
		BC075A761BEE578300AA8C9A /* timer.cpp in Sources */ = {isa = PBXBuildFile; fileRef = BC075A621BEE578300AA8C9A /* timer.cpp */; };
		BC075A771BEE578300AA8C9A /* util_time.cpp in Sources */ = {isa = PBXBuildFile; fileRef = BC075A651BEE578300AA8C9A /* util_time.cpp */; };
/* End PBXBuildFile section */

/* Begin PBXCopyFilesBuildPhase section */
		BC0759B61BEE565200AA8C9A /* CopyFiles */ = {
			isa = PBXCopyFilesBuildPhase;
			buildActionMask = 2147483647;
			dstPath = "include/$(PRODUCT_NAME)";
			dstSubfolderSpec = 16;
			files = (
			);
			runOnlyForDeploymentPostprocessing = 0;
		};
/* End PBXCopyFilesBuildPhase section */

/* Begin PBXFileReference section */
		BC0759CA1BEE56A800AA8C9A /* libutility.a */ = {isa = PBXFileReference; explicitFileType = archive.ar; includeInIndex = 0; path = libutility.a; sourceTree = BUILT_PRODUCTS_DIR; };
		BC075A341BEE578300AA8C9A /* bit_flag.h */ = {isa = PBXFileReference; fileEncoding = 4; lastKnownFileType = sourcecode.c.h; name = bit_flag.h; path = ../../../source/utility/bit_flag.h; sourceTree = "<group>"; };
		BC075A351BEE578300AA8C9A /* color.cpp */ = {isa = PBXFileReference; fileEncoding = 4; lastKnownFileType = sourcecode.cpp.cpp; name = color.cpp; path = ../../../source/utility/color.cpp; sourceTree = "<group>"; };
		BC075A361BEE578300AA8C9A /* color.h */ = {isa = PBXFileReference; fileEncoding = 4; lastKnownFileType = sourcecode.c.h; name = color.h; path = ../../../source/utility/color.h; sourceTree = "<group>"; };
		BC075A371BEE578300AA8C9A /* enums.h */ = {isa = PBXFileReference; fileEncoding = 4; lastKnownFileType = sourcecode.c.h; name = enums.h; path = ../../../source/utility/enums.h; sourceTree = "<group>"; };
		BC075A391BEE578300AA8C9A /* publisher.cpp */ = {isa = PBXFileReference; fileEncoding = 4; lastKnownFileType = sourcecode.cpp.cpp; path = publisher.cpp; sourceTree = "<group>"; };
		BC075A3A1BEE578300AA8C9A /* publisher.h */ = {isa = PBXFileReference; fileEncoding = 4; lastKnownFileType = sourcecode.c.h; path = publisher.h; sourceTree = "<group>"; };
		BC075A3B1BEE578300AA8C9A /* subscriber.cpp */ = {isa = PBXFileReference; fileEncoding = 4; lastKnownFileType = sourcecode.cpp.cpp; path = subscriber.cpp; sourceTree = "<group>"; };
		BC075A3C1BEE578300AA8C9A /* subscriber.h */ = {isa = PBXFileReference; fileEncoding = 4; lastKnownFileType = sourcecode.c.h; path = subscriber.h; sourceTree = "<group>"; };
		BC075A3D1BEE578300AA8C9A /* func.cpp */ = {isa = PBXFileReference; fileEncoding = 4; lastKnownFileType = sourcecode.cpp.cpp; name = func.cpp; path = ../../../source/utility/func.cpp; sourceTree = "<group>"; };
		BC075A3E1BEE578300AA8C9A /* func.h */ = {isa = PBXFileReference; fileEncoding = 4; lastKnownFileType = sourcecode.c.h; name = func.h; path = ../../../source/utility/func.h; sourceTree = "<group>"; };
		BC075A3F1BEE578300AA8C9A /* json.cpp */ = {isa = PBXFileReference; fileEncoding = 4; lastKnownFileType = sourcecode.cpp.cpp; name = json.cpp; path = ../../../source/utility/json.cpp; sourceTree = "<group>"; };
		BC075A401BEE578300AA8C9A /* json.h */ = {isa = PBXFileReference; fileEncoding = 4; lastKnownFileType = sourcecode.c.h; name = json.h; path = ../../../source/utility/json.h; sourceTree = "<group>"; };
		BC075A411BEE578300AA8C9A /* macro.h */ = {isa = PBXFileReference; fileEncoding = 4; lastKnownFileType = sourcecode.c.h; name = macro.h; path = ../../../source/utility/macro.h; sourceTree = "<group>"; };
		BC075A431BEE578300AA8C9A /* consts.h */ = {isa = PBXFileReference; fileEncoding = 4; lastKnownFileType = sourcecode.c.h; path = consts.h; sourceTree = "<group>"; };
		BC075A441BEE578300AA8C9A /* interp.cpp */ = {isa = PBXFileReference; fileEncoding = 4; lastKnownFileType = sourcecode.cpp.cpp; path = interp.cpp; sourceTree = "<group>"; };
		BC075A451BEE578300AA8C9A /* interp.h */ = {isa = PBXFileReference; fileEncoding = 4; lastKnownFileType = sourcecode.c.h; path = interp.h; sourceTree = "<group>"; };
		BC075A461BEE578300AA8C9A /* matrix_2d.cpp */ = {isa = PBXFileReference; fileEncoding = 4; lastKnownFileType = sourcecode.cpp.cpp; path = matrix_2d.cpp; sourceTree = "<group>"; };
		BC075A471BEE578300AA8C9A /* matrix_2d.h */ = {isa = PBXFileReference; fileEncoding = 4; lastKnownFileType = sourcecode.c.h; path = matrix_2d.h; sourceTree = "<group>"; };
		BC075A481BEE578300AA8C9A /* matrix_stack.cpp */ = {isa = PBXFileReference; fileEncoding = 4; lastKnownFileType = sourcecode.cpp.cpp; path = matrix_stack.cpp; sourceTree = "<group>"; };
		BC075A491BEE578300AA8C9A /* matrix_stack.h */ = {isa = PBXFileReference; fileEncoding = 4; lastKnownFileType = sourcecode.c.h; path = matrix_stack.h; sourceTree = "<group>"; };
		BC075A4A1BEE578300AA8C9A /* type2.h */ = {isa = PBXFileReference; fileEncoding = 4; lastKnownFileType = sourcecode.c.h; path = type2.h; sourceTree = "<group>"; };
		BC075A4B1BEE578300AA8C9A /* type3.h */ = {isa = PBXFileReference; fileEncoding = 4; lastKnownFileType = sourcecode.c.h; path = type3.h; sourceTree = "<group>"; };
		BC075A4C1BEE578300AA8C9A /* type4.h */ = {isa = PBXFileReference; fileEncoding = 4; lastKnownFileType = sourcecode.c.h; path = type4.h; sourceTree = "<group>"; };
		BC075A4E1BEE578300AA8C9A /* inc_common.h */ = {isa = PBXFileReference; fileEncoding = 4; lastKnownFileType = sourcecode.c.h; path = inc_common.h; sourceTree = "<group>"; };
		BC075A4F1BEE578300AA8C9A /* inc_func.h */ = {isa = PBXFileReference; fileEncoding = 4; lastKnownFileType = sourcecode.c.h; path = inc_func.h; sourceTree = "<group>"; };
		BC075A501BEE578300AA8C9A /* inc_sdl.h */ = {isa = PBXFileReference; fileEncoding = 4; lastKnownFileType = sourcecode.c.h; path = inc_sdl.h; sourceTree = "<group>"; };
		BC075A511BEE578300AA8C9A /* inc_sdl_img.h */ = {isa = PBXFileReference; fileEncoding = 4; lastKnownFileType = sourcecode.c.h; path = inc_sdl_img.h; sourceTree = "<group>"; };
		BC075A521BEE578300AA8C9A /* platform.h */ = {isa = PBXFileReference; fileEncoding = 4; lastKnownFileType = sourcecode.c.h; path = platform.h; sourceTree = "<group>"; };
		BC075A541BEE578300AA8C9A /* aabb.cpp */ = {isa = PBXFileReference; fileEncoding = 4; lastKnownFileType = sourcecode.cpp.cpp; path = aabb.cpp; sourceTree = "<group>"; };
		BC075A551BEE578300AA8C9A /* aabb.h */ = {isa = PBXFileReference; fileEncoding = 4; lastKnownFileType = sourcecode.c.h; path = aabb.h; sourceTree = "<group>"; };
		BC075A561BEE578300AA8C9A /* circle.cpp */ = {isa = PBXFileReference; fileEncoding = 4; lastKnownFileType = sourcecode.cpp.cpp; path = circle.cpp; sourceTree = "<group>"; };
		BC075A571BEE578300AA8C9A /* circle.h */ = {isa = PBXFileReference; fileEncoding = 4; lastKnownFileType = sourcecode.c.h; path = circle.h; sourceTree = "<group>"; };
		BC075A581BEE578300AA8C9A /* line.cpp */ = {isa = PBXFileReference; fileEncoding = 4; lastKnownFileType = sourcecode.cpp.cpp; path = line.cpp; sourceTree = "<group>"; };
		BC075A591BEE578300AA8C9A /* line.h */ = {isa = PBXFileReference; fileEncoding = 4; lastKnownFileType = sourcecode.c.h; path = line.h; sourceTree = "<group>"; };
		BC075A5A1BEE578300AA8C9A /* ray.cpp */ = {isa = PBXFileReference; fileEncoding = 4; lastKnownFileType = sourcecode.cpp.cpp; path = ray.cpp; sourceTree = "<group>"; };
		BC075A5B1BEE578300AA8C9A /* ray.h */ = {isa = PBXFileReference; fileEncoding = 4; lastKnownFileType = sourcecode.c.h; path = ray.h; sourceTree = "<group>"; };
		BC075A5C1BEE578300AA8C9A /* rect.cpp */ = {isa = PBXFileReference; fileEncoding = 4; lastKnownFileType = sourcecode.cpp.cpp; path = rect.cpp; sourceTree = "<group>"; };
		BC075A5D1BEE578300AA8C9A /* rect.h */ = {isa = PBXFileReference; fileEncoding = 4; lastKnownFileType = sourcecode.c.h; path = rect.h; sourceTree = "<group>"; };
		BC075A5E1BEE578300AA8C9A /* segment.cpp */ = {isa = PBXFileReference; fileEncoding = 4; lastKnownFileType = sourcecode.cpp.cpp; path = segment.cpp; sourceTree = "<group>"; };
		BC075A5F1BEE578300AA8C9A /* segment.h */ = {isa = PBXFileReference; fileEncoding = 4; lastKnownFileType = sourcecode.c.h; path = segment.h; sourceTree = "<group>"; };
		BC075A601BEE578300AA8C9A /* shape.cpp */ = {isa = PBXFileReference; fileEncoding = 4; lastKnownFileType = sourcecode.cpp.cpp; path = shape.cpp; sourceTree = "<group>"; };
		BC075A611BEE578300AA8C9A /* shape.h */ = {isa = PBXFileReference; fileEncoding = 4; lastKnownFileType = sourcecode.c.h; path = shape.h; sourceTree = "<group>"; };
		BC075A621BEE578300AA8C9A /* timer.cpp */ = {isa = PBXFileReference; fileEncoding = 4; lastKnownFileType = sourcecode.cpp.cpp; name = timer.cpp; path = ../../../source/utility/timer.cpp; sourceTree = "<group>"; };
		BC075A631BEE578300AA8C9A /* timer.h */ = {isa = PBXFileReference; fileEncoding = 4; lastKnownFileType = sourcecode.c.h; name = timer.h; path = ../../../source/utility/timer.h; sourceTree = "<group>"; };
		BC075A641BEE578300AA8C9A /* types.h */ = {isa = PBXFileReference; fileEncoding = 4; lastKnownFileType = sourcecode.c.h; name = types.h; path = ../../../source/utility/types.h; sourceTree = "<group>"; };
		BC075A651BEE578300AA8C9A /* util_time.cpp */ = {isa = PBXFileReference; fileEncoding = 4; lastKnownFileType = sourcecode.cpp.cpp; name = util_time.cpp; path = ../../../source/utility/util_time.cpp; sourceTree = "<group>"; };
		BC075A661BEE578300AA8C9A /* util_time.h */ = {isa = PBXFileReference; fileEncoding = 4; lastKnownFileType = sourcecode.c.h; name = util_time.h; path = ../../../source/utility/util_time.h; sourceTree = "<group>"; };
/* End PBXFileReference section */

/* Begin PBXFrameworksBuildPhase section */
		BC0759B51BEE565200AA8C9A /* Frameworks */ = {
			isa = PBXFrameworksBuildPhase;
			buildActionMask = 2147483647;
			files = (
			);
			runOnlyForDeploymentPostprocessing = 0;
		};
/* End PBXFrameworksBuildPhase section */

/* Begin PBXGroup section */
		BC0759AF1BEE565200AA8C9A = {
			isa = PBXGroup;
			children = (
				BC075A341BEE578300AA8C9A /* bit_flag.h */,
				BC075A351BEE578300AA8C9A /* color.cpp */,
				BC075A361BEE578300AA8C9A /* color.h */,
				BC075A371BEE578300AA8C9A /* enums.h */,
				BC075A381BEE578300AA8C9A /* event */,
				BC075A3D1BEE578300AA8C9A /* func.cpp */,
				BC075A3E1BEE578300AA8C9A /* func.h */,
				BC075A3F1BEE578300AA8C9A /* json.cpp */,
				BC075A401BEE578300AA8C9A /* json.h */,
				BC075A411BEE578300AA8C9A /* macro.h */,
				BC075A421BEE578300AA8C9A /* math */,
				BC075A4D1BEE578300AA8C9A /* platform */,
				BC075A531BEE578300AA8C9A /* shape */,
				BC075A621BEE578300AA8C9A /* timer.cpp */,
				BC075A631BEE578300AA8C9A /* timer.h */,
				BC075A641BEE578300AA8C9A /* types.h */,
				BC075A651BEE578300AA8C9A /* util_time.cpp */,
				BC075A661BEE578300AA8C9A /* util_time.h */,
				BC0759CA1BEE56A800AA8C9A /* libutility.a */,
			);
			sourceTree = "<group>";
		};
		BC075A381BEE578300AA8C9A /* event */ = {
			isa = PBXGroup;
			children = (
				BC075A391BEE578300AA8C9A /* publisher.cpp */,
				BC075A3A1BEE578300AA8C9A /* publisher.h */,
				BC075A3B1BEE578300AA8C9A /* subscriber.cpp */,
				BC075A3C1BEE578300AA8C9A /* subscriber.h */,
			);
			name = event;
			path = ../../../source/utility/event;
			sourceTree = "<group>";
		};
		BC075A421BEE578300AA8C9A /* math */ = {
			isa = PBXGroup;
			children = (
				BC075A431BEE578300AA8C9A /* consts.h */,
				BC075A441BEE578300AA8C9A /* interp.cpp */,
				BC075A451BEE578300AA8C9A /* interp.h */,
				BC075A461BEE578300AA8C9A /* matrix_2d.cpp */,
				BC075A471BEE578300AA8C9A /* matrix_2d.h */,
				BC075A481BEE578300AA8C9A /* matrix_stack.cpp */,
				BC075A491BEE578300AA8C9A /* matrix_stack.h */,
				BC075A4A1BEE578300AA8C9A /* type2.h */,
				BC075A4B1BEE578300AA8C9A /* type3.h */,
				BC075A4C1BEE578300AA8C9A /* type4.h */,
			);
			name = math;
			path = ../../../source/utility/math;
			sourceTree = "<group>";
		};
		BC075A4D1BEE578300AA8C9A /* platform */ = {
			isa = PBXGroup;
			children = (
				BC075A4E1BEE578300AA8C9A /* inc_common.h */,
				BC075A4F1BEE578300AA8C9A /* inc_func.h */,
				BC075A501BEE578300AA8C9A /* inc_sdl.h */,
				BC075A511BEE578300AA8C9A /* inc_sdl_img.h */,
				BC075A521BEE578300AA8C9A /* platform.h */,
			);
			name = platform;
			path = ../../../source/utility/platform;
			sourceTree = "<group>";
		};
		BC075A531BEE578300AA8C9A /* shape */ = {
			isa = PBXGroup;
			children = (
				BC075A541BEE578300AA8C9A /* aabb.cpp */,
				BC075A551BEE578300AA8C9A /* aabb.h */,
				BC075A561BEE578300AA8C9A /* circle.cpp */,
				BC075A571BEE578300AA8C9A /* circle.h */,
				BC075A581BEE578300AA8C9A /* line.cpp */,
				BC075A591BEE578300AA8C9A /* line.h */,
				BC075A5A1BEE578300AA8C9A /* ray.cpp */,
				BC075A5B1BEE578300AA8C9A /* ray.h */,
				BC075A5C1BEE578300AA8C9A /* rect.cpp */,
				BC075A5D1BEE578300AA8C9A /* rect.h */,
				BC075A5E1BEE578300AA8C9A /* segment.cpp */,
				BC075A5F1BEE578300AA8C9A /* segment.h */,
				BC075A601BEE578300AA8C9A /* shape.cpp */,
				BC075A611BEE578300AA8C9A /* shape.h */,
			);
			name = shape;
			path = ../../../source/utility/shape;
			sourceTree = "<group>";
		};
/* End PBXGroup section */

/* Begin PBXNativeTarget section */
		BC0759B71BEE565200AA8C9A /* utility */ = {
			isa = PBXNativeTarget;
			buildConfigurationList = BC0759C11BEE565200AA8C9A /* Build configuration list for PBXNativeTarget "utility" */;
			buildPhases = (
				BC0759B41BEE565200AA8C9A /* Sources */,
				BC0759B51BEE565200AA8C9A /* Frameworks */,
				BC0759B61BEE565200AA8C9A /* CopyFiles */,
			);
			buildRules = (
			);
			dependencies = (
			);
			name = utility;
			productName = utility;
			productReference = BC0759CA1BEE56A800AA8C9A /* libutility.a */;
			productType = "com.apple.product-type.library.static";
		};
/* End PBXNativeTarget section */

/* Begin PBXProject section */
		BC0759B01BEE565200AA8C9A /* Project object */ = {
			isa = PBXProject;
			attributes = {
				LastUpgradeCheck = 0710;
				ORGANIZATIONNAME = "Daniel Habig";
				TargetAttributes = {
					BC0759B71BEE565200AA8C9A = {
						CreatedOnToolsVersion = 7.1;
					};
				};
			};
			buildConfigurationList = BC0759B31BEE565200AA8C9A /* Build configuration list for PBXProject "utility" */;
			compatibilityVersion = "Xcode 3.2";
			developmentRegion = English;
			hasScannedForEncodings = 0;
			knownRegions = (
				en,
			);
			mainGroup = BC0759AF1BEE565200AA8C9A;
			productRefGroup = BC0759AF1BEE565200AA8C9A;
			projectDirPath = "";
			projectRoot = "";
			targets = (
				BC0759B71BEE565200AA8C9A /* utility */,
			);
		};
/* End PBXProject section */

/* Begin PBXSourcesBuildPhase section */
		BC0759B41BEE565200AA8C9A /* Sources */ = {
			isa = PBXSourcesBuildPhase;
			buildActionMask = 2147483647;
			files = (
				BC075A721BEE578300AA8C9A /* ray.cpp in Sources */,
				BC075A691BEE578300AA8C9A /* subscriber.cpp in Sources */,
				BC075A711BEE578300AA8C9A /* line.cpp in Sources */,
				BC075A741BEE578300AA8C9A /* segment.cpp in Sources */,
				BC075A6A1BEE578300AA8C9A /* func.cpp in Sources */,
				BC075A6F1BEE578300AA8C9A /* aabb.cpp in Sources */,
				BC075A6D1BEE578300AA8C9A /* matrix_2d.cpp in Sources */,
				BC075A6E1BEE578300AA8C9A /* matrix_stack.cpp in Sources */,
				BC075A681BEE578300AA8C9A /* publisher.cpp in Sources */,
				BC075A6B1BEE578300AA8C9A /* json.cpp in Sources */,
				BC075A751BEE578300AA8C9A /* shape.cpp in Sources */,
				BC075A761BEE578300AA8C9A /* timer.cpp in Sources */,
				BC075A701BEE578300AA8C9A /* circle.cpp in Sources */,
				BC075A671BEE578300AA8C9A /* color.cpp in Sources */,
				BC075A6C1BEE578300AA8C9A /* interp.cpp in Sources */,
				BC075A731BEE578300AA8C9A /* rect.cpp in Sources */,
				BC075A771BEE578300AA8C9A /* util_time.cpp in Sources */,
			);
			runOnlyForDeploymentPostprocessing = 0;
		};
/* End PBXSourcesBuildPhase section */

/* Begin XCBuildConfiguration section */
		BC0759BF1BEE565200AA8C9A /* Debug */ = {
			isa = XCBuildConfiguration;
			buildSettings = {
				ALWAYS_SEARCH_USER_PATHS = YES;
				CLANG_CXX_LANGUAGE_STANDARD = "gnu++0x";
				CLANG_CXX_LIBRARY = "libc++";
				CLANG_ENABLE_MODULES = YES;
				CLANG_ENABLE_OBJC_ARC = YES;
				CLANG_WARN_BOOL_CONVERSION = YES;
				CLANG_WARN_CONSTANT_CONVERSION = YES;
				CLANG_WARN_DIRECT_OBJC_ISA_USAGE = YES_ERROR;
				CLANG_WARN_EMPTY_BODY = YES;
				CLANG_WARN_ENUM_CONVERSION = YES;
				CLANG_WARN_INT_CONVERSION = YES;
				CLANG_WARN_OBJC_ROOT_CLASS = YES_ERROR;
				CLANG_WARN_UNREACHABLE_CODE = YES;
				CLANG_WARN__DUPLICATE_METHOD_MATCH = YES;
				"CODE_SIGN_IDENTITY[sdk=iphoneos*]" = "iPhone Developer";
				COPY_PHASE_STRIP = NO;
				DEBUG_INFORMATION_FORMAT = dwarf;
				ENABLE_STRICT_OBJC_MSGSEND = YES;
				ENABLE_TESTABILITY = YES;
				GCC_C_LANGUAGE_STANDARD = gnu99;
				GCC_DYNAMIC_NO_PIC = NO;
				GCC_NO_COMMON_BLOCKS = YES;
				GCC_OPTIMIZATION_LEVEL = 0;
				GCC_PREPROCESSOR_DEFINITIONS = (
					"DEBUG=1",
					"$(inherited)",
				);
				GCC_WARN_64_TO_32_BIT_CONVERSION = YES;
				GCC_WARN_ABOUT_RETURN_TYPE = YES_ERROR;
				GCC_WARN_UNDECLARED_SELECTOR = YES;
				GCC_WARN_UNINITIALIZED_AUTOS = YES_AGGRESSIVE;
				GCC_WARN_UNUSED_FUNCTION = YES;
				GCC_WARN_UNUSED_VARIABLE = YES;
				IPHONEOS_DEPLOYMENT_TARGET = 7.0;
				MTL_ENABLE_DEBUG_INFO = YES;
				ONLY_ACTIVE_ARCH = YES;
				SDKROOT = iphoneos;
			};
			name = Debug;
		};
		BC0759C01BEE565200AA8C9A /* Release */ = {
			isa = XCBuildConfiguration;
			buildSettings = {
				ALWAYS_SEARCH_USER_PATHS = YES;
				CLANG_CXX_LANGUAGE_STANDARD = "gnu++0x";
				CLANG_CXX_LIBRARY = "libc++";
				CLANG_ENABLE_MODULES = YES;
				CLANG_ENABLE_OBJC_ARC = YES;
				CLANG_WARN_BOOL_CONVERSION = YES;
				CLANG_WARN_CONSTANT_CONVERSION = YES;
				CLANG_WARN_DIRECT_OBJC_ISA_USAGE = YES_ERROR;
				CLANG_WARN_EMPTY_BODY = YES;
				CLANG_WARN_ENUM_CONVERSION = YES;
				CLANG_WARN_INT_CONVERSION = YES;
				CLANG_WARN_OBJC_ROOT_CLASS = YES_ERROR;
				CLANG_WARN_UNREACHABLE_CODE = YES;
				CLANG_WARN__DUPLICATE_METHOD_MATCH = YES;
				"CODE_SIGN_IDENTITY[sdk=iphoneos*]" = "iPhone Developer";
				COPY_PHASE_STRIP = YES;
				DEBUG_INFORMATION_FORMAT = "dwarf-with-dsym";
				ENABLE_NS_ASSERTIONS = NO;
				ENABLE_STRICT_OBJC_MSGSEND = YES;
				GCC_C_LANGUAGE_STANDARD = gnu99;
				GCC_NO_COMMON_BLOCKS = YES;
				GCC_WARN_64_TO_32_BIT_CONVERSION = YES;
				GCC_WARN_ABOUT_RETURN_TYPE = YES_ERROR;
				GCC_WARN_UNDECLARED_SELECTOR = YES;
				GCC_WARN_UNINITIALIZED_AUTOS = YES_AGGRESSIVE;
				GCC_WARN_UNUSED_FUNCTION = YES;
				GCC_WARN_UNUSED_VARIABLE = YES;
				IPHONEOS_DEPLOYMENT_TARGET = 7.0;
				MTL_ENABLE_DEBUG_INFO = NO;
				SDKROOT = iphoneos;
				VALIDATE_PRODUCT = YES;
			};
			name = Release;
		};
		BC0759C21BEE565200AA8C9A /* Debug */ = {
			isa = XCBuildConfiguration;
			buildSettings = {
				HEADER_SEARCH_PATHS = (
					../../../source/utility/,
					../../../source/,
					../../../source/sdl/include,
				);
				OTHER_LDFLAGS = "-ObjC";
				PRODUCT_NAME = "$(TARGET_NAME)";
				SKIP_INSTALL = YES;
			};
			name = Debug;
		};
		BC0759C31BEE565200AA8C9A /* Release */ = {
			isa = XCBuildConfiguration;
			buildSettings = {
				HEADER_SEARCH_PATHS = (
					../../../source/utility/,
					../../../source/,
					../../../source/sdl/include,
				);
				OTHER_LDFLAGS = "-ObjC";
				PRODUCT_NAME = "$(TARGET_NAME)";
				SKIP_INSTALL = YES;
			};
			name = Release;
		};
/* End XCBuildConfiguration section */

/* Begin XCConfigurationList section */
		BC0759B31BEE565200AA8C9A /* Build configuration list for PBXProject "utility" */ = {
			isa = XCConfigurationList;
			buildConfigurations = (
				BC0759BF1BEE565200AA8C9A /* Debug */,
				BC0759C01BEE565200AA8C9A /* Release */,
			);
			defaultConfigurationIsVisible = 0;
			defaultConfigurationName = Release;
		};
		BC0759C11BEE565200AA8C9A /* Build configuration list for PBXNativeTarget "utility" */ = {
			isa = XCConfigurationList;
			buildConfigurations = (
				BC0759C21BEE565200AA8C9A /* Debug */,
				BC0759C31BEE565200AA8C9A /* Release */,
			);
			defaultConfigurationIsVisible = 0;
			defaultConfigurationName = Release;
		};
/* End XCConfigurationList section */
	};
	rootObject = BC0759B01BEE565200AA8C9A /* Project object */;
}
