<?xml version="1.0" encoding="utf-8"?>
<Project ToolsVersion="4.0" xmlns="http://schemas.microsoft.com/developer/msbuild/2003">
  <ItemGroup>
    <Filter Include="event">
      <UniqueIdentifier>{8d10bef3-c22f-4b9e-9f44-48d43b68a9c5}</UniqueIdentifier>
    </Filter>
    <Filter Include="helper">
      <UniqueIdentifier>{9edc080e-d78b-4b33-9d71-e9fed98a33b1}</UniqueIdentifier>
    </Filter>
    <Filter Include="math">
      <UniqueIdentifier>{6508f937-5c32-42cf-93df-1d96c1f5ec3e}</UniqueIdentifier>
    </Filter>
    <Filter Include="resource">
      <UniqueIdentifier>{687b6489-ce3e-43e8-a078-12694d2313db}</UniqueIdentifier>
    </Filter>
    <Filter Include="time">
      <UniqueIdentifier>{e336b66b-699f-47a9-b798-1fc57f1fec62}</UniqueIdentifier>
    </Filter>
    <Filter Include="types">
      <UniqueIdentifier>{c7ea5248-4843-46bd-a8d8-928af4bc1fc5}</UniqueIdentifier>
    </Filter>
  </ItemGroup>
  <ItemGroup>
    <ClCompile Include="..\..\..\source\utility\event\subscriber.cpp">
      <Filter>event</Filter>
    </ClCompile>
    <ClCompile Include="..\..\..\source\utility\event\publisher.cpp">
      <Filter>event</Filter>
    </ClCompile>
    <ClCompile Include="..\..\..\source\utility\helper\func.cpp">
      <Filter>helper</Filter>
    </ClCompile>
    <ClCompile Include="..\..\..\source\utility\math\angle.cpp">
      <Filter>math</Filter>
    </ClCompile>
    <ClCompile Include="..\..\..\source\utility\math\matrix.cpp">
      <Filter>math</Filter>
    </ClCompile>
    <ClCompile Include="..\..\..\source\utility\math\transform.cpp">
      <Filter>math</Filter>
    </ClCompile>
    <ClCompile Include="..\..\..\source\utility\resource\json.cpp">
      <Filter>resource</Filter>
    </ClCompile>
    <ClCompile Include="..\..\..\source\utility\time\util_time.cpp">
      <Filter>time</Filter>
    </ClCompile>
    <ClCompile Include="..\..\..\source\utility\types\color.cpp">
      <Filter>types</Filter>
    </ClCompile>
    <ClCompile Include="..\..\..\source\utility\types\rtti.cpp">
      <Filter>types</Filter>
    </ClCompile>
  </ItemGroup>
  <ItemGroup>
    <ClInclude Include="..\..\..\source\utility\event\subscriber.h">
      <Filter>event</Filter>
    </ClInclude>
    <ClInclude Include="..\..\..\source\utility\event\publisher.h">
      <Filter>event</Filter>
    </ClInclude>
    <ClInclude Include="..\..\..\source\utility\helper\func.h">
      <Filter>helper</Filter>
    </ClInclude>
    <ClInclude Include="..\..\..\source\utility\helper\hierarchy.h">
      <Filter>helper</Filter>
    </ClInclude>
    <ClInclude Include="..\..\..\source\utility\helper\macro.h">
      <Filter>helper</Filter>
    </ClInclude>
    <ClInclude Include="..\..\..\source\utility\helper\platform.h">
      <Filter>helper</Filter>
    </ClInclude>
    <ClInclude Include="..\..\..\source\utility\helper\common.h">
      <Filter>helper</Filter>
    </ClInclude>
    <ClInclude Include="..\..\..\source\utility\helper\enums.h">
      <Filter>helper</Filter>
    </ClInclude>
    <ClInclude Include="..\..\..\source\utility\math\angle.h">
      <Filter>math</Filter>
    </ClInclude>
    <ClInclude Include="..\..\..\source\utility\math\box.h">
      <Filter>math</Filter>
    </ClInclude>
    <ClInclude Include="..\..\..\source\utility\math\matrix.h">
      <Filter>math</Filter>
    </ClInclude>
    <ClInclude Include="..\..\..\source\utility\math\transform.h">
      <Filter>math</Filter>
    </ClInclude>
    <ClInclude Include="..\..\..\source\utility\math\util_math.h">
      <Filter>math</Filter>
    </ClInclude>
    <ClInclude Include="..\..\..\source\utility\resource\json.h">
      <Filter>resource</Filter>
    </ClInclude>
    <ClInclude Include="..\..\..\source\utility\time\tick.h">
      <Filter>time</Filter>
    </ClInclude>
    <ClInclude Include="..\..\..\source\utility\time\util_time.h">
      <Filter>time</Filter>
    </ClInclude>
    <ClInclude Include="..\..\..\source\utility\types\bit_flag.h">
      <Filter>types</Filter>
    </ClInclude>
    <ClInclude Include="..\..\..\source\utility\types\color.h">
      <Filter>types</Filter>
    </ClInclude>
    <ClInclude Include="..\..\..\source\utility\types\rtti.h">
      <Filter>types</Filter>
    </ClInclude>
    <ClInclude Include="..\..\..\source\utility\types\types.h">
      <Filter>types</Filter>
    </ClInclude>
  </ItemGroup>
  <ItemGroup>
    <None Include="..\..\..\source\utility\event\publisher.inl">
      <Filter>event</Filter>
    </None>
    <None Include="..\..\..\source\utility\helper\hierarchy.inl">
      <Filter>helper</Filter>
    </None>
    <None Include="..\..\..\source\utility\types\color.def">
      <Filter>types</Filter>
    </None>
  </ItemGroup>
</Project>