<?xml version="1.0" encoding="utf-8"?>
<Project ToolsVersion="4.0" xmlns="http://schemas.microsoft.com/developer/msbuild/2003">
  <ItemGroup>
    <Filter Include="component">
      <UniqueIdentifier>{bddb2f25-9e01-4bea-a97d-64b5ee3c6def}</UniqueIdentifier>
    </Filter>
    <Filter Include="render">
      <UniqueIdentifier>{65de5180-01ec-4ae4-82e8-6f8874afe9cf}</UniqueIdentifier>
    </Filter>
  </ItemGroup>
  <ItemGroup>
    <ClCompile Include="..\..\..\source\engine\engine.cpp" />
    <ClCompile Include="..\..\..\source\engine\component\object.cpp">
      <Filter>component</Filter>
    </ClCompile>
    <ClCompile Include="..\..\..\source\engine\component\part.cpp">
      <Filter>component</Filter>
    </ClCompile>
    <ClCompile Include="..\..\..\source\engine\component\component.cpp">
      <Filter>component</Filter>
    </ClCompile>
    <ClCompile Include="..\..\..\source\engine\render\render_node.cpp">
      <Filter>render</Filter>
    </ClCompile>
    <ClCompile Include="..\..\..\source\engine\render\renderer.cpp">
      <Filter>render</Filter>
    </ClCompile>
  </ItemGroup>
  <ItemGroup>
    <ClInclude Include="..\..\..\source\engine\engine.h" />
    <ClInclude Include="..\..\..\source\engine\component\component.h">
      <Filter>component</Filter>
    </ClInclude>
    <ClInclude Include="..\..\..\source\engine\component\object.h">
      <Filter>component</Filter>
    </ClInclude>
    <ClInclude Include="..\..\..\source\engine\component\part.h">
      <Filter>component</Filter>
    </ClInclude>
    <ClInclude Include="..\..\..\source\engine\render\render_node.h">
      <Filter>render</Filter>
    </ClInclude>
    <ClInclude Include="..\..\..\source\engine\render\renderer.h">
      <Filter>render</Filter>
    </ClInclude>
  </ItemGroup>
  <ItemGroup>
    <None Include="..\..\..\source\engine\component\object.inl">
      <Filter>component</Filter>
    </None>
  </ItemGroup>
</Project>